
Microsoft Visual Studio Solution File, Format Version 12.00
# Visual Studio Version 17
VisualStudioVersion = 17.11.35327.3
MinimumVisualStudioVersion = 10.0.40219.1
Project("{FAE04EC0-301F-11D3-BF4B-00C04F79EFBC}") = "Day01_UnitTesting.sln", "Day01_UnitTesting.sln\Day01_UnitTesting.sln.csproj", "{B2304924-0DB4-40B0-AF7D-0CF8055D7728}"
EndProject
Project("{2150E333-8FDC-42A3-9474-1A3956D46DE8}") = "Day02_RabbitMQ", "Day02_RabbitMQ", "{43FEAA8E-E1E2-3A5E-C753-7098801F8EB0}"
	ProjectSection(SolutionItems) = preProject
		README.md = README.md
	EndProjectSection
EndProject
Project("{FAE04EC0-301F-11D3-BF4B-00C04F79EFBC}") = "RabbitMQPublisher", "Day02_RabbitMQ\RabbitMQPublisher\RabbitMQPublisher.csproj", "{2C2BEE26-5A91-4011-A34E-A601509FAE44}"
EndProject
Project("{FAE04EC0-301F-11D3-BF4B-00C04F79EFBC}") = "RabbitMQConsumer", "Day02_RabbitMQ\RabbitMQConsumer\RabbitMQConsumer.csproj", "{59A5F162-A6E9-4116-B728-47A88220951C}"
EndProject
Project("{FAE04EC0-301F-11D3-BF4B-00C04F79EFBC}") = "Day02.Consumer.Worker", "Day02_RabbitMQ\Consumer.Worker\Day02.Consumer.Worker.csproj", "{4292B318-A837-E4BE-2BF2-67107FD301AD}"
EndProject
Project("{FAE04EC0-301F-11D3-BF4B-00C04F79EFBC}") = "Day03_CustomMiddleware", "Day03_CustomMiddleware\Day03_CustomMiddleware.csproj", "{B7762944-FB0C-48BF-8D23-C233196D8A7E}"
EndProject
Project("{FAE04EC0-301F-11D3-BF4B-00C04F79EFBC}") = "Day04_SemanticKernal", "Day04_SemanticKernal\Day04_SemanticKernal.csproj", "{3AF5182B-059F-46E5-B385-AB938FDC2BB3}"
EndProject
Project("{2150E333-8FDC-42A3-9474-1A3956D46DE8}") = "Day05.gRPC", "Day05.gRPC", "{36CD79A0-0A4F-E354-5DE3-5F5CD0C07581}"
EndProject
Project("{FAE04EC0-301F-11D3-BF4B-00C04F79EFBC}") = "grpcClient", "Day05.gRPC\grpcClient\grpcClient.csproj", "{4BE7BA1F-F8CD-4F37-9293-F5FE1E32A946}"
EndProject
Project("{FAE04EC0-301F-11D3-BF4B-00C04F79EFBC}") = "grpcServer", "Day05.gRPC\grpcServer\grpcServer.csproj", "{A49B129F-384A-4FC1-8125-66506104FE61}"
EndProject
Project("{2150E333-8FDC-42A3-9474-1A3956D46DE8}") = "Day06_PromptChaining_SemanticKernal", "Day06_PromptChaining_SemanticKernal", "{CCE7536F-EAD3-B3FA-F6BF-F5D7680B1FA8}"
EndProject
Project("{FAE04EC0-301F-11D3-BF4B-00C04F79EFBC}") = "Day06.API", "Day06_PromptChaining_SemanticKernal\Day06.API\Day06.API.csproj", "{995D8468-4C2F-490B-BFEB-9E37ABF36870}"
EndProject
Global
	GlobalSection(SolutionConfigurationPlatforms) = preSolution
		Debug|Any CPU = Debug|Any CPU
		Debug|x64 = Debug|x64
		Debug|x86 = Debug|x86
		Release|Any CPU = Release|Any CPU
		Release|x64 = Release|x64
		Release|x86 = Release|x86
	EndGlobalSection
	GlobalSection(ProjectConfigurationPlatforms) = postSolution
		{B2304924-0DB4-40B0-AF7D-0CF8055D7728}.Debug|Any CPU.ActiveCfg = Debug|Any CPU
		{B2304924-0DB4-40B0-AF7D-0CF8055D7728}.Debug|Any CPU.Build.0 = Debug|Any CPU
		{B2304924-0DB4-40B0-AF7D-0CF8055D7728}.Debug|x64.ActiveCfg = Debug|Any CPU
		{B2304924-0DB4-40B0-AF7D-0CF8055D7728}.Debug|x64.Build.0 = Debug|Any CPU
		{B2304924-0DB4-40B0-AF7D-0CF8055D7728}.Debug|x86.ActiveCfg = Debug|Any CPU
		{B2304924-0DB4-40B0-AF7D-0CF8055D7728}.Debug|x86.Build.0 = Debug|Any CPU
		{B2304924-0DB4-40B0-AF7D-0CF8055D7728}.Release|Any CPU.ActiveCfg = Release|Any CPU
		{B2304924-0DB4-40B0-AF7D-0CF8055D7728}.Release|Any CPU.Build.0 = Release|Any CPU
		{B2304924-0DB4-40B0-AF7D-0CF8055D7728}.Release|x64.ActiveCfg = Release|Any CPU
		{B2304924-0DB4-40B0-AF7D-0CF8055D7728}.Release|x64.Build.0 = Release|Any CPU
		{B2304924-0DB4-40B0-AF7D-0CF8055D7728}.Release|x86.ActiveCfg = Release|Any CPU
		{B2304924-0DB4-40B0-AF7D-0CF8055D7728}.Release|x86.Build.0 = Release|Any CPU
		{2C2BEE26-5A91-4011-A34E-A601509FAE44}.Debug|Any CPU.ActiveCfg = Debug|Any CPU
		{2C2BEE26-5A91-4011-A34E-A601509FAE44}.Debug|Any CPU.Build.0 = Debug|Any CPU
		{2C2BEE26-5A91-4011-A34E-A601509FAE44}.Debug|x64.ActiveCfg = Debug|Any CPU
		{2C2BEE26-5A91-4011-A34E-A601509FAE44}.Debug|x64.Build.0 = Debug|Any CPU
		{2C2BEE26-5A91-4011-A34E-A601509FAE44}.Debug|x86.ActiveCfg = Debug|Any CPU
		{2C2BEE26-5A91-4011-A34E-A601509FAE44}.Debug|x86.Build.0 = Debug|Any CPU
		{2C2BEE26-5A91-4011-A34E-A601509FAE44}.Release|Any CPU.ActiveCfg = Release|Any CPU
		{2C2BEE26-5A91-4011-A34E-A601509FAE44}.Release|Any CPU.Build.0 = Release|Any CPU
		{2C2BEE26-5A91-4011-A34E-A601509FAE44}.Release|x64.ActiveCfg = Release|Any CPU
		{2C2BEE26-5A91-4011-A34E-A601509FAE44}.Release|x64.Build.0 = Release|Any CPU
		{2C2BEE26-5A91-4011-A34E-A601509FAE44}.Release|x86.ActiveCfg = Release|Any CPU
		{2C2BEE26-5A91-4011-A34E-A601509FAE44}.Release|x86.Build.0 = Release|Any CPU
		{59A5F162-A6E9-4116-B728-47A88220951C}.Debug|Any CPU.ActiveCfg = Debug|Any CPU
		{59A5F162-A6E9-4116-B728-47A88220951C}.Debug|Any CPU.Build.0 = Debug|Any CPU
		{59A5F162-A6E9-4116-B728-47A88220951C}.Debug|x64.ActiveCfg = Debug|Any CPU
		{59A5F162-A6E9-4116-B728-47A88220951C}.Debug|x64.Build.0 = Debug|Any CPU
		{59A5F162-A6E9-4116-B728-47A88220951C}.Debug|x86.ActiveCfg = Debug|Any CPU
		{59A5F162-A6E9-4116-B728-47A88220951C}.Debug|x86.Build.0 = Debug|Any CPU
		{59A5F162-A6E9-4116-B728-47A88220951C}.Release|Any CPU.ActiveCfg = Release|Any CPU
		{59A5F162-A6E9-4116-B728-47A88220951C}.Release|Any CPU.Build.0 = Release|Any CPU
		{59A5F162-A6E9-4116-B728-47A88220951C}.Release|x64.ActiveCfg = Release|Any CPU
		{59A5F162-A6E9-4116-B728-47A88220951C}.Release|x64.Build.0 = Release|Any CPU
		{59A5F162-A6E9-4116-B728-47A88220951C}.Release|x86.ActiveCfg = Release|Any CPU
		{59A5F162-A6E9-4116-B728-47A88220951C}.Release|x86.Build.0 = Release|Any CPU
		{4292B318-A837-E4BE-2BF2-67107FD301AD}.Debug|Any CPU.ActiveCfg = Debug|Any CPU
		{4292B318-A837-E4BE-2BF2-67107FD301AD}.Debug|Any CPU.Build.0 = Debug|Any CPU
		{4292B318-A837-E4BE-2BF2-67107FD301AD}.Debug|x64.ActiveCfg = Debug|Any CPU
		{4292B318-A837-E4BE-2BF2-67107FD301AD}.Debug|x64.Build.0 = Debug|Any CPU
		{4292B318-A837-E4BE-2BF2-67107FD301AD}.Debug|x86.ActiveCfg = Debug|Any CPU
		{4292B318-A837-E4BE-2BF2-67107FD301AD}.Debug|x86.Build.0 = Debug|Any CPU
		{4292B318-A837-E4BE-2BF2-67107FD301AD}.Release|Any CPU.ActiveCfg = Release|Any CPU
		{4292B318-A837-E4BE-2BF2-67107FD301AD}.Release|Any CPU.Build.0 = Release|Any CPU
		{4292B318-A837-E4BE-2BF2-67107FD301AD}.Release|x64.ActiveCfg = Release|Any CPU
		{4292B318-A837-E4BE-2BF2-67107FD301AD}.Release|x64.Build.0 = Release|Any CPU
		{4292B318-A837-E4BE-2BF2-67107FD301AD}.Release|x86.ActiveCfg = Release|Any CPU
		{4292B318-A837-E4BE-2BF2-67107FD301AD}.Release|x86.Build.0 = Release|Any CPU
		{B7762944-FB0C-48BF-8D23-C233196D8A7E}.Debug|Any CPU.ActiveCfg = Debug|Any CPU
		{B7762944-FB0C-48BF-8D23-C233196D8A7E}.Debug|Any CPU.Build.0 = Debug|Any CPU
		{B7762944-FB0C-48BF-8D23-C233196D8A7E}.Debug|x64.ActiveCfg = Debug|Any CPU
		{B7762944-FB0C-48BF-8D23-C233196D8A7E}.Debug|x64.Build.0 = Debug|Any CPU
		{B7762944-FB0C-48BF-8D23-C233196D8A7E}.Debug|x86.ActiveCfg = Debug|Any CPU
		{B7762944-FB0C-48BF-8D23-C233196D8A7E}.Debug|x86.Build.0 = Debug|Any CPU
		{B7762944-FB0C-48BF-8D23-C233196D8A7E}.Release|Any CPU.ActiveCfg = Release|Any CPU
		{B7762944-FB0C-48BF-8D23-C233196D8A7E}.Release|Any CPU.Build.0 = Release|Any CPU
		{B7762944-FB0C-48BF-8D23-C233196D8A7E}.Release|x64.ActiveCfg = Release|Any CPU
		{B7762944-FB0C-48BF-8D23-C233196D8A7E}.Release|x64.Build.0 = Release|Any CPU
		{B7762944-FB0C-48BF-8D23-C233196D8A7E}.Release|x86.ActiveCfg = Release|Any CPU
		{B7762944-FB0C-48BF-8D23-C233196D8A7E}.Release|x86.Build.0 = Release|Any CPU
		{3AF5182B-059F-46E5-B385-AB938FDC2BB3}.Debug|Any CPU.ActiveCfg = Debug|Any CPU
		{3AF5182B-059F-46E5-B385-AB938FDC2BB3}.Debug|Any CPU.Build.0 = Debug|Any CPU
		{3AF5182B-059F-46E5-B385-AB938FDC2BB3}.Debug|x64.ActiveCfg = Debug|Any CPU
		{3AF5182B-059F-46E5-B385-AB938FDC2BB3}.Debug|x64.Build.0 = Debug|Any CPU
		{3AF5182B-059F-46E5-B385-AB938FDC2BB3}.Debug|x86.ActiveCfg = Debug|Any CPU
		{3AF5182B-059F-46E5-B385-AB938FDC2BB3}.Debug|x86.Build.0 = Debug|Any CPU
		{3AF5182B-059F-46E5-B385-AB938FDC2BB3}.Release|Any CPU.ActiveCfg = Release|Any CPU
		{3AF5182B-059F-46E5-B385-AB938FDC2BB3}.Release|Any CPU.Build.0 = Release|Any CPU
		{3AF5182B-059F-46E5-B385-AB938FDC2BB3}.Release|x64.ActiveCfg = Release|Any CPU
		{3AF5182B-059F-46E5-B385-AB938FDC2BB3}.Release|x64.Build.0 = Release|Any CPU
		{3AF5182B-059F-46E5-B385-AB938FDC2BB3}.Release|x86.ActiveCfg = Release|Any CPU
		{3AF5182B-059F-46E5-B385-AB938FDC2BB3}.Release|x86.Build.0 = Release|Any CPU
		{4BE7BA1F-F8CD-4F37-9293-F5FE1E32A946}.Debug|Any CPU.ActiveCfg = Debug|Any CPU
		{4BE7BA1F-F8CD-4F37-9293-F5FE1E32A946}.Debug|Any CPU.Build.0 = Debug|Any CPU
		{4BE7BA1F-F8CD-4F37-9293-F5FE1E32A946}.Debug|x64.ActiveCfg = Debug|Any CPU
		{4BE7BA1F-F8CD-4F37-9293-F5FE1E32A946}.Debug|x64.Build.0 = Debug|Any CPU
		{4BE7BA1F-F8CD-4F37-9293-F5FE1E32A946}.Debug|x86.ActiveCfg = Debug|Any CPU
		{4BE7BA1F-F8CD-4F37-9293-F5FE1E32A946}.Debug|x86.Build.0 = Debug|Any CPU
		{4BE7BA1F-F8CD-4F37-9293-F5FE1E32A946}.Release|Any CPU.ActiveCfg = Release|Any CPU
		{4BE7BA1F-F8CD-4F37-9293-F5FE1E32A946}.Release|Any CPU.Build.0 = Release|Any CPU
		{4BE7BA1F-F8CD-4F37-9293-F5FE1E32A946}.Release|x64.ActiveCfg = Release|Any CPU
		{4BE7BA1F-F8CD-4F37-9293-F5FE1E32A946}.Release|x64.Build.0 = Release|Any CPU
		{4BE7BA1F-F8CD-4F37-9293-F5FE1E32A946}.Release|x86.ActiveCfg = Release|Any CPU
		{4BE7BA1F-F8CD-4F37-9293-F5FE1E32A946}.Release|x86.Build.0 = Release|Any CPU
		{A49B129F-384A-4FC1-8125-66506104FE61}.Debug|Any CPU.ActiveCfg = Debug|Any CPU
		{A49B129F-384A-4FC1-8125-66506104FE61}.Debug|Any CPU.Build.0 = Debug|Any CPU
		{A49B129F-384A-4FC1-8125-66506104FE61}.Debug|x64.ActiveCfg = Debug|Any CPU
		{A49B129F-384A-4FC1-8125-66506104FE61}.Debug|x64.Build.0 = Debug|Any CPU
		{A49B129F-384A-4FC1-8125-66506104FE61}.Debug|x86.ActiveCfg = Debug|Any CPU
		{A49B129F-384A-4FC1-8125-66506104FE61}.Debug|x86.Build.0 = Debug|Any CPU
		{A49B129F-384A-4FC1-8125-66506104FE61}.Release|Any CPU.ActiveCfg = Release|Any CPU
		{A49B129F-384A-4FC1-8125-66506104FE61}.Release|Any CPU.Build.0 = Release|Any CPU
		{A49B129F-384A-4FC1-8125-66506104FE61}.Release|x64.ActiveCfg = Release|Any CPU
		{A49B129F-384A-4FC1-8125-66506104FE61}.Release|x64.Build.0 = Release|Any CPU
		{A49B129F-384A-4FC1-8125-66506104FE61}.Release|x86.ActiveCfg = Release|Any CPU
		{A49B129F-384A-4FC1-8125-66506104FE61}.Release|x86.Build.0 = Release|Any CPU
		{995D8468-4C2F-490B-BFEB-9E37ABF36870}.Debug|Any CPU.ActiveCfg = Debug|Any CPU
		{995D8468-4C2F-490B-BFEB-9E37ABF36870}.Debug|Any CPU.Build.0 = Debug|Any CPU
		{995D8468-4C2F-490B-BFEB-9E37ABF36870}.Debug|x64.ActiveCfg = Debug|Any CPU
		{995D8468-4C2F-490B-BFEB-9E37ABF36870}.Debug|x64.Build.0 = Debug|Any CPU
		{995D8468-4C2F-490B-BFEB-9E37ABF36870}.Debug|x86.ActiveCfg = Debug|Any CPU
		{995D8468-4C2F-490B-BFEB-9E37ABF36870}.Debug|x86.Build.0 = Debug|Any CPU
		{995D8468-4C2F-490B-BFEB-9E37ABF36870}.Release|Any CPU.ActiveCfg = Release|Any CPU
		{995D8468-4C2F-490B-BFEB-9E37ABF36870}.Release|Any CPU.Build.0 = Release|Any CPU
		{995D8468-4C2F-490B-BFEB-9E37ABF36870}.Release|x64.ActiveCfg = Release|Any CPU
		{995D8468-4C2F-490B-BFEB-9E37ABF36870}.Release|x64.Build.0 = Release|Any CPU
		{995D8468-4C2F-490B-BFEB-9E37ABF36870}.Release|x86.ActiveCfg = Release|Any CPU
		{995D8468-4C2F-490B-BFEB-9E37ABF36870}.Release|x86.Build.0 = Release|Any CPU
	EndGlobalSection
	GlobalSection(SolutionProperties) = preSolution
		HideSolutionNode = FALSE
	EndGlobalSection
	GlobalSection(NestedProjects) = preSolution
		{2C2BEE26-5A91-4011-A34E-A601509FAE44} = {43FEAA8E-E1E2-3A5E-C753-7098801F8EB0}
		{59A5F162-A6E9-4116-B728-47A88220951C} = {43FEAA8E-E1E2-3A5E-C753-7098801F8EB0}
		{4292B318-A837-E4BE-2BF2-67107FD301AD} = {43FEAA8E-E1E2-3A5E-C753-7098801F8EB0}
		{4BE7BA1F-F8CD-4F37-9293-F5FE1E32A946} = {36CD79A0-0A4F-E354-5DE3-5F5CD0C07581}
		{A49B129F-384A-4FC1-8125-66506104FE61} = {36CD79A0-0A4F-E354-5DE3-5F5CD0C07581}
		{995D8468-4C2F-490B-BFEB-9E37ABF36870} = {CCE7536F-EAD3-B3FA-F6BF-F5D7680B1FA8}
	EndGlobalSection
	GlobalSection(ExtensibilityGlobals) = postSolution
		SolutionGuid = {189771D8-523A-4434-84DD-E0971171E2C5}
	EndGlobalSection
EndGlobal
