
Microsoft Visual Studio Solution File, Format Version 12.00
# Visual Studio Version 17
VisualStudioVersion = 17.11.35327.3
MinimumVisualStudioVersion = 10.0.40219.1
Project("{FAE04EC0-301F-11D3-BF4B-00C04F79EFBC}") = "Day01_UnitTesting.sln", "Day01_UnitTesting.sln\Day01_UnitTesting.sln.csproj", "{B2304924-0DB4-40B0-AF7D-0CF8055D7728}"
EndProject
Global
	GlobalSection(SolutionConfigurationPlatforms) = preSolution
		Debug|Any CPU = Debug|Any CPU
		Release|Any CPU = Release|Any CPU
	EndGlobalSection
	GlobalSection(ProjectConfigurationPlatforms) = postSolution
		{B2304924-0DB4-40B0-AF7D-0CF8055D7728}.Debug|Any CPU.ActiveCfg = Debug|Any CPU
		{B2304924-0DB4-40B0-AF7D-0CF8055D7728}.Debug|Any CPU.Build.0 = Debug|Any CPU
		{B2304924-0DB4-40B0-AF7D-0CF8055D7728}.Release|Any CPU.ActiveCfg = Release|Any CPU
		{B2304924-0DB4-40B0-AF7D-0CF8055D7728}.Release|Any CPU.Build.0 = Release|Any CPU
	EndGlobalSection
	GlobalSection(SolutionProperties) = preSolution
		HideSolutionNode = FALSE
	EndGlobalSection
	GlobalSection(ExtensibilityGlobals) = postSolution
		SolutionGuid = {189771D8-523A-4434-84DD-E0971171E2C5}
	EndGlobalSection
EndGlobal
